
Microsoft Visual Studio Solution File, Format Version 12.00
# Visual Studio Version 17
VisualStudioVersion = 17.6.33829.357
MinimumVisualStudioVersion = 10.0.40219.1
Project("{FAE04EC0-301F-11D3-BF4B-00C04F79EFBC}") = "FactoryLibraryV2", "FactoryLibraryV2.csproj", "{B3C3EFD0-31CC-4087-8A9F-F31613E124FE}"
EndProject
Global
	GlobalSection(SolutionConfigurationPlatforms) = preSolution
		Debug|Any CPU = Debug|Any CPU
		Release|Any CPU = Release|Any CPU
	EndGlobalSection
	GlobalSection(ProjectConfigurationPlatforms) = postSolution
		{B3C3EFD0-31CC-4087-8A9F-F31613E124FE}.Debug|Any CPU.ActiveCfg = Debug|Any CPU
		{B3C3EFD0-31CC-4087-8A9F-F31613E124FE}.Debug|Any CPU.Build.0 = Debug|Any CPU
		{B3C3EFD0-31CC-4087-8A9F-F31613E124FE}.Release|Any CPU.ActiveCfg = Release|Any CPU
		{B3C3EFD0-31CC-4087-8A9F-F31613E124FE}.Release|Any CPU.Build.0 = Release|Any CPU
	EndGlobalSection
	GlobalSection(SolutionProperties) = preSolution
		HideSolutionNode = FALSE
	EndGlobalSection
	GlobalSection(ExtensibilityGlobals) = postSolution
		SolutionGuid = {1E05DEF1-868C-49F6-B01F-A3AEB650843A}
	EndGlobalSection
EndGlobal
